
Microsoft Visual Studio Solution File, Format Version 12.00
# Visual Studio Version 17
VisualStudioVersion = 17.8.34511.84
MinimumVisualStudioVersion = 10.0.40219.1
Project("{FAE04EC0-301F-11D3-BF4B-00C04F79EFBC}") = "AutoRace", "AutoRace\AutoRace.csproj", "{E2CA2858-8C01-47A2-87A5-E4A065B35552}"
EndProject
Global
	GlobalSection(SolutionConfigurationPlatforms) = preSolution
		Debug|Any CPU = Debug|Any CPU
		Release|Any CPU = Release|Any CPU
	EndGlobalSection
	GlobalSection(ProjectConfigurationPlatforms) = postSolution
		{E2CA2858-8C01-47A2-87A5-E4A065B35552}.Debug|Any CPU.ActiveCfg = Debug|Any CPU
		{E2CA2858-8C01-47A2-87A5-E4A065B35552}.Debug|Any CPU.Build.0 = Debug|Any CPU
		{E2CA2858-8C01-47A2-87A5-E4A065B35552}.Release|Any CPU.ActiveCfg = Release|Any CPU
		{E2CA2858-8C01-47A2-87A5-E4A065B35552}.Release|Any CPU.Build.0 = Release|Any CPU
	EndGlobalSection
	GlobalSection(SolutionProperties) = preSolution
		HideSolutionNode = FALSE
	EndGlobalSection
	GlobalSection(ExtensibilityGlobals) = postSolution
		SolutionGuid = {20C65590-3270-4FC4-AF9B-358CDE8001B0}
	EndGlobalSection
EndGlobal
